
Microsoft Visual Studio Solution File, Format Version 12.00
# Visual Studio Version 16
VisualStudioVersion = 16.0.30114.105
MinimumVisualStudioVersion = 10.0.40219.1
Project("{F2A71F9B-5D33-465A-A702-920D77279786}") = "leaf_1", "leaf_1\leaf_1.fsproj", "{15A9AAB3-577D-4B2F-A4BD-DD55BD2664CB}"
EndProject
Project("{F2A71F9B-5D33-465A-A702-920D77279786}") = "leaf_2", "leaf_2\leaf_2.fsproj", "{3D8E5BD6-1285-4D8B-9AEF-EF0D0F6C32F0}"
EndProject
Project("{F2A71F9B-5D33-465A-A702-920D77279786}") = "leaf_3", "leaf_3\leaf_3.fsproj", "{568C8872-D95D-4569-9523-349B5415B1CB}"
EndProject
Project("{F2A71F9B-5D33-465A-A702-920D77279786}") = "leaf_4", "leaf_4\leaf_4.fsproj", "{6FBD9217-F3BB-4621-88AA-E62592A9ED24}"
EndProject
Project("{F2A71F9B-5D33-465A-A702-920D77279786}") = "leaf_5", "leaf_5\leaf_5.fsproj", "{93CB2D69-9CE2-40EC-B3FB-3A7DE05506F5}"
EndProject
Project("{F2A71F9B-5D33-465A-A702-920D77279786}") = "leaf_6", "leaf_6\leaf_6.fsproj", "{07F0B8A9-3220-4014-B460-0E36CE24C56A}"
EndProject
Project("{F2A71F9B-5D33-465A-A702-920D77279786}") = "leaf_7", "leaf_7\leaf_7.fsproj", "{80F6AD7D-9B0F-4E8F-9ECD-C976311D3913}"
EndProject
Project("{F2A71F9B-5D33-465A-A702-920D77279786}") = "leaf_8", "leaf_8\leaf_8.fsproj", "{684A081A-CE85-45CE-8801-A06B92EC3555}"
EndProject
Project("{F2A71F9B-5D33-465A-A702-920D77279786}") = "leaf_9", "leaf_9\leaf_9.fsproj", "{439536B0-88A6-4D43-8AEB-028EDD2163A5}"
EndProject
Project("{F2A71F9B-5D33-465A-A702-920D77279786}") = "leaf_10", "leaf_10\leaf_10.fsproj", "{E0654A2B-32A7-47DC-9D0C-4DC8E60D0208}"
EndProject
Project("{F2A71F9B-5D33-465A-A702-920D77279786}") = "leaf_11", "leaf_11\leaf_11.fsproj", "{7D0921F8-D566-4A4B-8A2A-0CFDCAFF4E66}"
EndProject
Project("{F2A71F9B-5D33-465A-A702-920D77279786}") = "leaf_12", "leaf_12\leaf_12.fsproj", "{1352021A-7223-40F1-ADA0-7ECCA280622F}"
EndProject
Project("{F2A71F9B-5D33-465A-A702-920D77279786}") = "leaf_13", "leaf_13\leaf_13.fsproj", "{B08E4D75-49E2-4FCA-9E93-C8D35B3B452D}"
EndProject
Project("{F2A71F9B-5D33-465A-A702-920D77279786}") = "leaf_14", "leaf_14\leaf_14.fsproj", "{5E161866-CCD2-4DC6-98A2-B47E53E6D4EB}"
EndProject
Project("{F2A71F9B-5D33-465A-A702-920D77279786}") = "leaf_15", "leaf_15\leaf_15.fsproj", "{578D0A7E-AD96-4FE9-AF5F-B61AC98C14BA}"
EndProject
Project("{F2A71F9B-5D33-465A-A702-920D77279786}") = "leaf_16", "leaf_16\leaf_16.fsproj", "{542744EF-CDF6-4034-91F1-967812EFFD74}"
EndProject
Project("{F2A71F9B-5D33-465A-A702-920D77279786}") = "leaf_17", "leaf_17\leaf_17.fsproj", "{56213363-CD5C-40F0-9D0A-6B9E2B0217E3}"
EndProject
Project("{F2A71F9B-5D33-465A-A702-920D77279786}") = "leaf_18", "leaf_18\leaf_18.fsproj", "{ACA70402-F05B-4252-A430-478BAF52CB4C}"
EndProject
Project("{F2A71F9B-5D33-465A-A702-920D77279786}") = "leaf_19", "leaf_19\leaf_19.fsproj", "{AF71C41D-0A34-457D-A406-87FF5950E6BD}"
EndProject
Project("{F2A71F9B-5D33-465A-A702-920D77279786}") = "leaf_20", "leaf_20\leaf_20.fsproj", "{2C11C169-D0FD-46FE-B252-88EDF5B60224}"
EndProject
Project("{F2A71F9B-5D33-465A-A702-920D77279786}") = "root", "root\root.fsproj", "{AB2CEC88-78E5-42D2-AFEC-15EADBC5406F}"
EndProject
Global
	GlobalSection(SolutionConfigurationPlatforms) = preSolution
		Debug|Any CPU = Debug|Any CPU
		Release|Any CPU = Release|Any CPU
	EndGlobalSection
	GlobalSection(SolutionProperties) = preSolution
		HideSolutionNode = FALSE
	EndGlobalSection
	GlobalSection(ProjectConfigurationPlatforms) = postSolution
		{15A9AAB3-577D-4B2F-A4BD-DD55BD2664CB}.Debug|Any CPU.ActiveCfg = Debug|Any CPU
		{15A9AAB3-577D-4B2F-A4BD-DD55BD2664CB}.Debug|Any CPU.Build.0 = Debug|Any CPU
		{15A9AAB3-577D-4B2F-A4BD-DD55BD2664CB}.Release|Any CPU.ActiveCfg = Release|Any CPU
		{15A9AAB3-577D-4B2F-A4BD-DD55BD2664CB}.Release|Any CPU.Build.0 = Release|Any CPU
		{3D8E5BD6-1285-4D8B-9AEF-EF0D0F6C32F0}.Debug|Any CPU.ActiveCfg = Debug|Any CPU
		{3D8E5BD6-1285-4D8B-9AEF-EF0D0F6C32F0}.Debug|Any CPU.Build.0 = Debug|Any CPU
		{3D8E5BD6-1285-4D8B-9AEF-EF0D0F6C32F0}.Release|Any CPU.ActiveCfg = Release|Any CPU
		{3D8E5BD6-1285-4D8B-9AEF-EF0D0F6C32F0}.Release|Any CPU.Build.0 = Release|Any CPU
		{568C8872-D95D-4569-9523-349B5415B1CB}.Debug|Any CPU.ActiveCfg = Debug|Any CPU
		{568C8872-D95D-4569-9523-349B5415B1CB}.Debug|Any CPU.Build.0 = Debug|Any CPU
		{568C8872-D95D-4569-9523-349B5415B1CB}.Release|Any CPU.ActiveCfg = Release|Any CPU
		{568C8872-D95D-4569-9523-349B5415B1CB}.Release|Any CPU.Build.0 = Release|Any CPU
		{6FBD9217-F3BB-4621-88AA-E62592A9ED24}.Debug|Any CPU.ActiveCfg = Debug|Any CPU
		{6FBD9217-F3BB-4621-88AA-E62592A9ED24}.Debug|Any CPU.Build.0 = Debug|Any CPU
		{6FBD9217-F3BB-4621-88AA-E62592A9ED24}.Release|Any CPU.ActiveCfg = Release|Any CPU
		{6FBD9217-F3BB-4621-88AA-E62592A9ED24}.Release|Any CPU.Build.0 = Release|Any CPU
		{93CB2D69-9CE2-40EC-B3FB-3A7DE05506F5}.Debug|Any CPU.ActiveCfg = Debug|Any CPU
		{93CB2D69-9CE2-40EC-B3FB-3A7DE05506F5}.Debug|Any CPU.Build.0 = Debug|Any CPU
		{93CB2D69-9CE2-40EC-B3FB-3A7DE05506F5}.Release|Any CPU.ActiveCfg = Release|Any CPU
		{93CB2D69-9CE2-40EC-B3FB-3A7DE05506F5}.Release|Any CPU.Build.0 = Release|Any CPU
		{07F0B8A9-3220-4014-B460-0E36CE24C56A}.Debug|Any CPU.ActiveCfg = Debug|Any CPU
		{07F0B8A9-3220-4014-B460-0E36CE24C56A}.Debug|Any CPU.Build.0 = Debug|Any CPU
		{07F0B8A9-3220-4014-B460-0E36CE24C56A}.Release|Any CPU.ActiveCfg = Release|Any CPU
		{07F0B8A9-3220-4014-B460-0E36CE24C56A}.Release|Any CPU.Build.0 = Release|Any CPU
		{80F6AD7D-9B0F-4E8F-9ECD-C976311D3913}.Debug|Any CPU.ActiveCfg = Debug|Any CPU
		{80F6AD7D-9B0F-4E8F-9ECD-C976311D3913}.Debug|Any CPU.Build.0 = Debug|Any CPU
		{80F6AD7D-9B0F-4E8F-9ECD-C976311D3913}.Release|Any CPU.ActiveCfg = Release|Any CPU
		{80F6AD7D-9B0F-4E8F-9ECD-C976311D3913}.Release|Any CPU.Build.0 = Release|Any CPU
		{684A081A-CE85-45CE-8801-A06B92EC3555}.Debug|Any CPU.ActiveCfg = Debug|Any CPU
		{684A081A-CE85-45CE-8801-A06B92EC3555}.Debug|Any CPU.Build.0 = Debug|Any CPU
		{684A081A-CE85-45CE-8801-A06B92EC3555}.Release|Any CPU.ActiveCfg = Release|Any CPU
		{684A081A-CE85-45CE-8801-A06B92EC3555}.Release|Any CPU.Build.0 = Release|Any CPU
		{439536B0-88A6-4D43-8AEB-028EDD2163A5}.Debug|Any CPU.ActiveCfg = Debug|Any CPU
		{439536B0-88A6-4D43-8AEB-028EDD2163A5}.Debug|Any CPU.Build.0 = Debug|Any CPU
		{439536B0-88A6-4D43-8AEB-028EDD2163A5}.Release|Any CPU.ActiveCfg = Release|Any CPU
		{439536B0-88A6-4D43-8AEB-028EDD2163A5}.Release|Any CPU.Build.0 = Release|Any CPU
		{E0654A2B-32A7-47DC-9D0C-4DC8E60D0208}.Debug|Any CPU.ActiveCfg = Debug|Any CPU
		{E0654A2B-32A7-47DC-9D0C-4DC8E60D0208}.Debug|Any CPU.Build.0 = Debug|Any CPU
		{E0654A2B-32A7-47DC-9D0C-4DC8E60D0208}.Release|Any CPU.ActiveCfg = Release|Any CPU
		{E0654A2B-32A7-47DC-9D0C-4DC8E60D0208}.Release|Any CPU.Build.0 = Release|Any CPU
		{7D0921F8-D566-4A4B-8A2A-0CFDCAFF4E66}.Debug|Any CPU.ActiveCfg = Debug|Any CPU
		{7D0921F8-D566-4A4B-8A2A-0CFDCAFF4E66}.Debug|Any CPU.Build.0 = Debug|Any CPU
		{7D0921F8-D566-4A4B-8A2A-0CFDCAFF4E66}.Release|Any CPU.ActiveCfg = Release|Any CPU
		{7D0921F8-D566-4A4B-8A2A-0CFDCAFF4E66}.Release|Any CPU.Build.0 = Release|Any CPU
		{1352021A-7223-40F1-ADA0-7ECCA280622F}.Debug|Any CPU.ActiveCfg = Debug|Any CPU
		{1352021A-7223-40F1-ADA0-7ECCA280622F}.Debug|Any CPU.Build.0 = Debug|Any CPU
		{1352021A-7223-40F1-ADA0-7ECCA280622F}.Release|Any CPU.ActiveCfg = Release|Any CPU
		{1352021A-7223-40F1-ADA0-7ECCA280622F}.Release|Any CPU.Build.0 = Release|Any CPU
		{B08E4D75-49E2-4FCA-9E93-C8D35B3B452D}.Debug|Any CPU.ActiveCfg = Debug|Any CPU
		{B08E4D75-49E2-4FCA-9E93-C8D35B3B452D}.Debug|Any CPU.Build.0 = Debug|Any CPU
		{B08E4D75-49E2-4FCA-9E93-C8D35B3B452D}.Release|Any CPU.ActiveCfg = Release|Any CPU
		{B08E4D75-49E2-4FCA-9E93-C8D35B3B452D}.Release|Any CPU.Build.0 = Release|Any CPU
		{5E161866-CCD2-4DC6-98A2-B47E53E6D4EB}.Debug|Any CPU.ActiveCfg = Debug|Any CPU
		{5E161866-CCD2-4DC6-98A2-B47E53E6D4EB}.Debug|Any CPU.Build.0 = Debug|Any CPU
		{5E161866-CCD2-4DC6-98A2-B47E53E6D4EB}.Release|Any CPU.ActiveCfg = Release|Any CPU
		{5E161866-CCD2-4DC6-98A2-B47E53E6D4EB}.Release|Any CPU.Build.0 = Release|Any CPU
		{578D0A7E-AD96-4FE9-AF5F-B61AC98C14BA}.Debug|Any CPU.ActiveCfg = Debug|Any CPU
		{578D0A7E-AD96-4FE9-AF5F-B61AC98C14BA}.Debug|Any CPU.Build.0 = Debug|Any CPU
		{578D0A7E-AD96-4FE9-AF5F-B61AC98C14BA}.Release|Any CPU.ActiveCfg = Release|Any CPU
		{578D0A7E-AD96-4FE9-AF5F-B61AC98C14BA}.Release|Any CPU.Build.0 = Release|Any CPU
		{542744EF-CDF6-4034-91F1-967812EFFD74}.Debug|Any CPU.ActiveCfg = Debug|Any CPU
		{542744EF-CDF6-4034-91F1-967812EFFD74}.Debug|Any CPU.Build.0 = Debug|Any CPU
		{542744EF-CDF6-4034-91F1-967812EFFD74}.Release|Any CPU.ActiveCfg = Release|Any CPU
		{542744EF-CDF6-4034-91F1-967812EFFD74}.Release|Any CPU.Build.0 = Release|Any CPU
		{56213363-CD5C-40F0-9D0A-6B9E2B0217E3}.Debug|Any CPU.ActiveCfg = Debug|Any CPU
		{56213363-CD5C-40F0-9D0A-6B9E2B0217E3}.Debug|Any CPU.Build.0 = Debug|Any CPU
		{56213363-CD5C-40F0-9D0A-6B9E2B0217E3}.Release|Any CPU.ActiveCfg = Release|Any CPU
		{56213363-CD5C-40F0-9D0A-6B9E2B0217E3}.Release|Any CPU.Build.0 = Release|Any CPU
		{ACA70402-F05B-4252-A430-478BAF52CB4C}.Debug|Any CPU.ActiveCfg = Debug|Any CPU
		{ACA70402-F05B-4252-A430-478BAF52CB4C}.Debug|Any CPU.Build.0 = Debug|Any CPU
		{ACA70402-F05B-4252-A430-478BAF52CB4C}.Release|Any CPU.ActiveCfg = Release|Any CPU
		{ACA70402-F05B-4252-A430-478BAF52CB4C}.Release|Any CPU.Build.0 = Release|Any CPU
		{AF71C41D-0A34-457D-A406-87FF5950E6BD}.Debug|Any CPU.ActiveCfg = Debug|Any CPU
		{AF71C41D-0A34-457D-A406-87FF5950E6BD}.Debug|Any CPU.Build.0 = Debug|Any CPU
		{AF71C41D-0A34-457D-A406-87FF5950E6BD}.Release|Any CPU.ActiveCfg = Release|Any CPU
		{AF71C41D-0A34-457D-A406-87FF5950E6BD}.Release|Any CPU.Build.0 = Release|Any CPU
		{2C11C169-D0FD-46FE-B252-88EDF5B60224}.Debug|Any CPU.ActiveCfg = Debug|Any CPU
		{2C11C169-D0FD-46FE-B252-88EDF5B60224}.Debug|Any CPU.Build.0 = Debug|Any CPU
		{2C11C169-D0FD-46FE-B252-88EDF5B60224}.Release|Any CPU.ActiveCfg = Release|Any CPU
		{2C11C169-D0FD-46FE-B252-88EDF5B60224}.Release|Any CPU.Build.0 = Release|Any CPU
		{AB2CEC88-78E5-42D2-AFEC-15EADBC5406F}.Debug|Any CPU.ActiveCfg = Debug|Any CPU
		{AB2CEC88-78E5-42D2-AFEC-15EADBC5406F}.Debug|Any CPU.Build.0 = Debug|Any CPU
		{AB2CEC88-78E5-42D2-AFEC-15EADBC5406F}.Release|Any CPU.ActiveCfg = Release|Any CPU
		{AB2CEC88-78E5-42D2-AFEC-15EADBC5406F}.Release|Any CPU.Build.0 = Release|Any CPU
	EndGlobalSection
EndGlobal
